[[package]]
name = "aiohttp"
version = "3.8.4"
description = "Async http client/server framework (asyncio)"
category = "main"
optional = false
python-versions = ">=3.6"

[package.dependencies]
aiosignal = ">=1.1.2"
async-timeout = ">=4.0.0a3,<5.0"
attrs = ">=17.3.0"
charset-normalizer = ">=2.0,<4.0"
frozenlist = ">=1.1.1"
multidict = ">=4.5,<7.0"
yarl = ">=1.0,<2.0"

[package.extras]
speedups = ["aiodns", "brotli", "cchardet"]

[[package]]
name = "aiosignal"
version = "1.3.1"
description = "aiosignal: a list of registered asynchronous callbacks"
category = "main"
optional = false
python-versions = ">=3.7"

[package.dependencies]
frozenlist = ">=1.1.0"

[[package]]
name = "aiosqlite"
version = "0.17.0"
description = "asyncio bridge to the standard sqlite3 module"
category = "main"
optional = false
python-versions = ">=3.6"

[package.dependencies]
typing_extensions = ">=3.7.2"

[[package]]
name = "alembic"
version = "1.10.4"
description = "A database migration tool for SQLAlchemy."
category = "main"
optional = false
python-versions = ">=3.7"

[package.dependencies]
Mako = "*"
SQLAlchemy = ">=1.3.0"
typing-extensions = ">=4"

[package.extras]
tz = ["python-dateutil"]

[[package]]
name = "amqp"
version = "5.1.1"
description = "Low-level AMQP client for Python (fork of amqplib)."
category = "main"
optional = false
python-versions = ">=3.6"

[package.dependencies]
vine = ">=5.0.0"

[[package]]
name = "anyio"
version = "3.6.2"
description = "High level compatibility layer for multiple asynchronous event loop implementations"
category = "main"
optional = false
python-versions = ">=3.6.2"

[package.dependencies]
idna = ">=2.8"
sniffio = ">=1.1"

[package.extras]
doc = ["packaging", "sphinx-rtd-theme", "sphinx-autodoc-typehints (>=1.2.0)"]
test = ["coverage[toml] (>=4.5)", "hypothesis (>=4.0)", "pytest (>=7.0)", "pytest-mock (>=3.6.1)", "trustme", "contextlib2", "uvloop (<0.15)", "mock (>=4)", "uvloop (>=0.15)"]
trio = ["trio (>=0.16,<0.22)"]

[[package]]
name = "asgi-lifespan"
version = "2.1.0"
description = "Programmatic startup/shutdown of ASGI apps."
category = "main"
optional = false
python-versions = ">=3.7"

[package.dependencies]
sniffio = "*"

[[package]]
name = "async-timeout"
version = "4.0.2"
description = "Timeout context manager for asyncio programs"
category = "main"
optional = false
python-versions = ">=3.6"

[[package]]
name = "asyncpg"
version = "0.27.0"
description = "An asyncio PostgreSQL driver"
category = "main"
optional = false
python-versions = ">=3.7.0"

[package.extras]
dev = ["Cython (>=0.29.24,<0.30.0)", "pytest (>=6.0)", "Sphinx (>=4.1.2,<4.2.0)", "sphinxcontrib-asyncio (>=0.3.0,<0.4.0)", "sphinx-rtd-theme (>=0.5.2,<0.6.0)", "flake8 (>=5.0.4,<5.1.0)", "uvloop (>=0.15.3)"]
docs = ["Sphinx (>=4.1.2,<4.2.0)", "sphinxcontrib-asyncio (>=0.3.0,<0.4.0)", "sphinx-rtd-theme (>=0.5.2,<0.6.0)"]
test = ["flake8 (>=5.0.4,<5.1.0)", "uvloop (>=0.15.3)"]

[[package]]
name = "attrs"
version = "23.1.0"
description = "Classes Without Boilerplate"
category = "main"
optional = false
python-versions = ">=3.7"

[package.extras]
cov = ["attrs", "coverage[toml] (>=5.3)"]
dev = ["attrs", "pre-commit"]
docs = ["furo", "myst-parser", "sphinx", "sphinx-notfound-page", "sphinxcontrib-towncrier", "towncrier", "zope-interface"]
tests = ["attrs", "zope-interface"]
tests-no-zope = ["cloudpickle", "hypothesis", "mypy (>=1.1.1)", "pympler", "pytest-mypy-plugins", "pytest-xdist", "pytest (>=4.3.0)"]

[[package]]
name = "bcrypt"
version = "4.0.1"
description = "Modern password hashing for your software and your servers"
category = "main"
optional = false
python-versions = ">=3.6"

[package.extras]
tests = ["pytest (>=3.2.1,!=3.3.0)"]
typecheck = ["mypy"]

[[package]]
name = "billiard"
version = "3.6.4.0"
description = "Python multiprocessing fork with improvements and bugfixes"
category = "main"
optional = false
python-versions = "*"

[[package]]
name = "celery"
version = "5.2.7"
description = "Distributed Task Queue."
category = "main"
optional = false
python-versions = ">=3.7"

[package.dependencies]
billiard = ">=3.6.4.0,<4.0"
click = ">=8.0.3,<9.0"
click-didyoumean = ">=0.0.3"
click-plugins = ">=1.1.1"
click-repl = ">=0.2.0"
kombu = ">=5.2.3,<6.0"
pytz = ">=2021.3"
vine = ">=5.0.0,<6.0"

[package.extras]
arangodb = ["pyArango (>=1.3.2)"]
auth = ["cryptography"]
azureblockblob = ["azure-storage-blob (==12.9.0)"]
brotli = ["brotli (>=1.0.0)", "brotlipy (>=0.7.0)"]
cassandra = ["cassandra-driver (<3.21.0)"]
consul = ["python-consul2"]
cosmosdbsql = ["pydocumentdb (==2.3.2)"]
couchbase = ["couchbase (>=3.0.0)"]
couchdb = ["pycouchdb"]
django = ["Django (>=1.11)"]
dynamodb = ["boto3 (>=1.9.178)"]
elasticsearch = ["elasticsearch"]
eventlet = ["eventlet (>=0.32.0)"]
gevent = ["gevent (>=1.5.0)"]
librabbitmq = ["librabbitmq (>=1.5.0)"]
memcache = ["pylibmc"]
mongodb = ["pymongo[srv] (>=3.11.1)"]
msgpack = ["msgpack"]
pymemcache = ["python-memcached"]
pyro = ["pyro4"]
pytest = ["pytest-celery"]
redis = ["redis (>=3.4.1,!=4.0.0,!=4.0.1)"]
s3 = ["boto3 (>=1.9.125)"]
slmq = ["softlayer-messaging (>=1.0.3)"]
solar = ["ephem"]
sqlalchemy = ["sqlalchemy"]
sqs = ["kombu"]
tblib = ["tblib (>=1.3.0)", "tblib (>=1.5.0)"]
yaml = ["PyYAML (>=3.10)"]
zookeeper = ["kazoo (>=1.3.1)"]
zstd = ["zstandard"]

[[package]]
name = "certifi"
version = "2023.5.7"
description = "Python package for providing Mozilla's CA Bundle."
category = "main"
optional = false
python-versions = ">=3.6"

[[package]]
name = "cffi"
version = "1.15.1"
description = "Foreign Function Interface for Python calling C code."
category = "main"
optional = false
python-versions = "*"

[package.dependencies]
pycparser = "*"

[[package]]
name = "cfgv"
version = "3.3.1"
description = "Validate configuration and produce human readable error messages."
category = "dev"
optional = false
python-versions = ">=3.6.1"

[[package]]
name = "charset-normalizer"
version = "3.1.0"
description = "The Real First Universal Charset Detector. Open, modern and actively maintained alternative to Chardet."
category = "main"
optional = false
python-versions = ">=3.7.0"

[[package]]
name = "click"
version = "8.1.3"
description = "Composable command line interface toolkit"
category = "main"
optional = false
python-versions = ">=3.7"

[package.dependencies]
colorama = {version = "*", markers = "platform_system == \"Windows\""}

[[package]]
name = "click-didyoumean"
version = "0.3.0"
description = "Enables git-like *did-you-mean* feature in click"
category = "main"
optional = false
python-versions = ">=3.6.2,<4.0.0"

[package.dependencies]
click = ">=7"

[[package]]
name = "click-plugins"
version = "1.1.1"
description = "An extension module for click to enable registering CLI commands via setuptools entry-points."
category = "main"
optional = false
python-versions = "*"

[package.dependencies]
click = ">=4.0"

[package.extras]
dev = ["pytest (>=3.6)", "pytest-cov", "wheel", "coveralls"]

[[package]]
name = "click-repl"
version = "0.2.0"
description = "REPL plugin for Click"
category = "main"
optional = false
python-versions = "*"

[package.dependencies]
click = "*"
prompt-toolkit = "*"
six = "*"

[[package]]
name = "colorama"
version = "0.4.6"
description = "Cross-platform colored terminal text."
category = "main"
optional = false
python-versions = "!=3.0.*,!=3.1.*,!=3.2.*,!=3.3.*,!=3.4.*,!=3.5.*,!=3.6.*,>=2.7"

[[package]]
name = "coverage"
version = "7.2.5"
description = "Code coverage measurement for Python"
category = "main"
optional = false
python-versions = ">=3.7"

[package.dependencies]
tomli = {version = "*", optional = true, markers = "python_full_version <= \"3.11.0a6\" and extra == \"toml\""}

[package.extras]
toml = ["tomli"]

[[package]]
name = "cryptography"
version = "40.0.2"
description = "cryptography is a package which provides cryptographic recipes and primitives to Python developers."
category = "main"
optional = false
python-versions = ">=3.6"

[package.dependencies]
cffi = ">=1.12"

[package.extras]
docs = ["sphinx (>=5.3.0)", "sphinx-rtd-theme (>=1.1.1)"]
docstest = ["pyenchant (>=1.6.11)", "twine (>=1.12.0)", "sphinxcontrib-spelling (>=4.0.1)"]
pep8test = ["black", "ruff", "mypy", "check-manifest"]
sdist = ["setuptools-rust (>=0.11.4)"]
ssh = ["bcrypt (>=3.1.5)"]
test = ["pytest (>=6.2.0)", "pytest-shard (>=0.1.2)", "pytest-benchmark", "pytest-cov", "pytest-subtests", "pytest-xdist", "pretend", "iso8601"]
test-randomorder = ["pytest-randomly"]
tox = ["tox"]

[[package]]
name = "dependency-injector"
version = "4.41.0"
description = "Dependency injection framework for Python"
category = "main"
optional = false
python-versions = "*"

[package.dependencies]
six = ">=1.7.0,<=1.16.0"

[package.extras]
aiohttp = ["aiohttp"]
flask = ["flask"]
pydantic = ["pydantic"]
yaml = ["pyyaml"]

[[package]]
name = "deprecation"
version = "2.1.0"
description = "A library to handle automated deprecations"
category = "main"
optional = false
python-versions = "*"

[package.dependencies]
packaging = "*"

[[package]]
name = "distlib"
version = "0.3.6"
description = "Distribution utilities"
category = "dev"
optional = false
python-versions = "*"

[[package]]
name = "docker"
version = "6.1.2"
description = "A Python library for the Docker Engine API."
category = "main"
optional = false
python-versions = ">=3.7"

[package.dependencies]
packaging = ">=14.0"
pywin32 = {version = ">=304", markers = "sys_platform == \"win32\""}
requests = ">=2.26.0"
urllib3 = ">=1.26.0"
websocket-client = ">=0.32.0"

[package.extras]
ssh = ["paramiko (>=2.4.3)"]

[[package]]
name = "dynaconf"
version = "3.1.12"
description = "The dynamic configurator for your Python Project"
category = "main"
optional = false
python-versions = ">=3.8"

[package.extras]
all = ["redis", "ruamel.yaml", "configobj", "hvac"]
configobj = ["configobj"]
ini = ["configobj"]
redis = ["redis"]
test = ["pytest", "pytest-cov", "pytest-xdist", "pytest-mock", "flake8", "pep8-naming", "flake8-debugger", "flake8-print", "flake8-todo", "radon", "flask (>=0.12)", "django", "python-dotenv", "toml", "codecov", "redis", "hvac", "configobj"]
toml = ["toml"]
vault = ["hvac"]
yaml = ["ruamel.yaml"]

[[package]]
name = "exceptiongroup"
version = "1.1.1"
description = "Backport of PEP 654 (exception groups)"
category = "main"
optional = false
python-versions = ">=3.7"

[package.extras]
test = ["pytest (>=6)"]

[[package]]
name = "factory-boy"
version = "3.2.1"
description = "A versatile test fixtures replacement based on thoughtbot's factory_bot for Ruby."
category = "main"
optional = false
python-versions = ">=3.6"

[package.dependencies]
Faker = ">=0.7.0"

[package.extras]
dev = ["coverage", "django", "flake8", "isort", "pillow", "sqlalchemy", "mongoengine", "wheel (>=0.32.0)", "tox", "zest.releaser"]
doc = ["sphinx", "sphinx-rtd-theme", "sphinxcontrib-spelling"]

[[package]]
name = "faker"
version = "18.7.0"
description = "Faker is a Python package that generates fake data for you."
category = "main"
optional = false
python-versions = ">=3.7"

[package.dependencies]
python-dateutil = ">=2.4"

[[package]]
name = "fastapi"
version = "0.95.1"
description = "FastAPI framework, high performance, easy to learn, fast to code, ready for production"
category = "main"
optional = false
python-versions = ">=3.7"

[package.dependencies]
pydantic = ">=1.6.2,<1.7 || >1.7,<1.7.1 || >1.7.1,<1.7.2 || >1.7.2,<1.7.3 || >1.7.3,<1.8 || >1.8,<1.8.1 || >1.8.1,<2.0.0"
starlette = ">=0.26.1,<0.27.0"

[package.extras]
all = ["email-validator (>=1.1.1)", "httpx (>=0.23.0)", "itsdangerous (>=1.1.0)", "jinja2 (>=2.11.2)", "orjson (>=3.2.1)", "python-multipart (>=0.0.5)", "pyyaml (>=5.3.1)", "ujson (>=4.0.1,!=4.0.2,!=4.1.0,!=4.2.0,!=4.3.0,!=5.0.0,!=5.1.0)", "uvicorn[standard] (>=0.12.0)"]
dev = ["pre-commit (>=2.17.0,<3.0.0)", "ruff (==0.0.138)", "uvicorn[standard] (>=0.12.0,<0.21.0)"]
doc = ["mdx-include (>=1.4.1,<2.0.0)", "mkdocs-markdownextradata-plugin (>=0.1.7,<0.3.0)", "mkdocs-material (>=8.1.4,<9.0.0)", "mkdocs (>=1.1.2,<2.0.0)", "pyyaml (>=5.3.1,<7.0.0)", "typer-cli (>=0.0.13,<0.0.14)", "typer[all] (>=0.6.1,<0.8.0)"]
test = ["anyio[trio] (>=3.2.1,<4.0.0)", "black (==23.1.0)", "coverage[toml] (>=6.5.0,<8.0)", "databases[sqlite] (>=0.3.2,<0.7.0)", "email-validator (>=1.1.1,<2.0.0)", "flask (>=1.1.2,<3.0.0)", "httpx (>=0.23.0,<0.24.0)", "isort (>=5.0.6,<6.0.0)", "mypy (==0.982)", "orjson (>=3.2.1,<4.0.0)", "passlib[bcrypt] (>=1.7.2,<2.0.0)", "peewee (>=3.13.3,<4.0.0)", "pytest (>=7.1.3,<8.0.0)", "python-jose[cryptography] (>=3.3.0,<4.0.0)", "python-multipart (>=0.0.5,<0.0.7)", "pyyaml (>=5.3.1,<7.0.0)", "ruff (==0.0.138)", "sqlalchemy (>=1.3.18,<1.4.43)", "types-orjson (==3.6.2)", "types-ujson (==5.7.0.1)", "ujson (>=4.0.1,!=4.0.2,!=4.1.0,!=4.2.0,!=4.3.0,!=5.0.0,!=5.1.0,<6.0.0)"]

[[package]]
name = "fastapi-cache2"
version = "0.2.1"
description = "Cache for FastAPI"
category = "main"
optional = false
python-versions = ">=3.7,<4.0"

[package.dependencies]
aiohttp = {version = ">=3.8.3", markers = "python_version >= \"3.11\""}
fastapi = "*"
pendulum = "*"
typing-extensions = {version = ">=4.1.0", markers = "python_version < \"3.10\""}
uvicorn = "*"

[package.extras]
dynamodb = ["aiobotocore (>=1.4.1,<2.0.0)"]
all = ["aiobotocore (>=1.4.1,<2.0.0)", "aiomcache", "redis (>=4.2.0rc1,<5.0.0)"]
memcache = ["aiomcache"]
redis = ["redis (>=4.2.0rc1,<5.0.0)"]

[[package]]
name = "fastapi-utils"
version = "0.2.1"
description = "Reusable utilities for FastAPI"
category = "main"
optional = false
python-versions = ">=3.6,<4.0"

[package.dependencies]
fastapi = "*"
pydantic = ">=1.0,<2.0"
sqlalchemy = ">=1.3.12,<2.0.0"

[[package]]
name = "filelock"
version = "3.12.0"
description = "A platform independent file lock."
category = "dev"
optional = false
python-versions = ">=3.7"

[package.extras]
docs = ["furo (>=2023.3.27)", "sphinx-autodoc-typehints (>=1.23,!=1.23.4)", "sphinx (>=6.1.3)"]
testing = ["covdefaults (>=2.3)", "coverage (>=7.2.3)", "diff-cover (>=7.5)", "pytest-cov (>=4)", "pytest-mock (>=3.10)", "pytest-timeout (>=2.1)", "pytest (>=7.3.1)"]

[[package]]
name = "fontawesomefree"
version = "6.4.0"
description = "Font Awesome Free"
category = "main"
optional = false
python-versions = "*"

[[package]]
name = "frozenlist"
version = "1.3.3"
description = "A list-like structure which implements collections.abc.MutableSequence"
category = "main"
optional = false
python-versions = ">=3.7"

[[package]]
name = "future"
version = "0.18.3"
description = "Clean single-source support for Python 3 and 2"
category = "main"
optional = false
python-versions = ">=2.6, !=3.0.*, !=3.1.*, !=3.2.*"

[[package]]
name = "greenlet"
version = "2.0.2"
description = "Lightweight in-process concurrent programming"
category = "main"
optional = false
python-versions = ">=2.7,!=3.0.*,!=3.1.*,!=3.2.*,!=3.3.*,!=3.4.*"

[package.extras]
docs = ["sphinx", "docutils (<0.18)"]
test = ["objgraph", "psutil"]

[[package]]
name = "h11"
version = "0.14.0"
description = "A pure-Python, bring-your-own-I/O implementation of HTTP/1.1"
category = "main"
optional = false
python-versions = ">=3.7"

[[package]]
name = "httpcore"
version = "0.16.3"
description = "A minimal low-level HTTP client."
category = "main"
optional = false
python-versions = ">=3.7"

[package.dependencies]
anyio = ">=3.0,<5.0"
certifi = "*"
h11 = ">=0.13,<0.15"
sniffio = ">=1.0.0,<2.0.0"

[package.extras]
http2 = ["h2 (>=3,<5)"]
socks = ["socksio (>=1.0.0,<2.0.0)"]

[[package]]
name = "httpx"
version = "0.23.3"
description = "The next generation HTTP client."
category = "main"
optional = false
python-versions = ">=3.7"

[package.dependencies]
certifi = "*"
httpcore = ">=0.15.0,<0.17.0"
rfc3986 = {version = ">=1.3,<2", extras = ["idna2008"]}
sniffio = "*"

[package.extras]
brotli = ["brotli", "brotlicffi"]
cli = ["click (>=8.0.0,<9.0.0)", "pygments (>=2.0.0,<3.0.0)", "rich (>=10,<13)"]
http2 = ["h2 (>=3,<5)"]
socks = ["socksio (>=1.0.0,<2.0.0)"]

[[package]]
name = "identify"
version = "2.5.24"
description = "File identification library for Python"
category = "dev"
optional = false
python-versions = ">=3.7"

[package.extras]
license = ["ukkonen"]

[[package]]
name = "idna"
version = "3.4"
description = "Internationalized Domain Names in Applications (IDNA)"
category = "main"
optional = false
python-versions = ">=3.5"

[[package]]
name = "iniconfig"
version = "2.0.0"
description = "brain-dead simple config-ini parsing"
category = "main"
optional = false
python-versions = ">=3.7"

[[package]]
name = "itsdangerous"
version = "2.1.2"
description = "Safely pass data to untrusted environments and back."
category = "main"
optional = false
python-versions = ">=3.7"

[[package]]
name = "jinja2"
version = "3.1.2"
description = "A very fast and expressive template engine."
category = "main"
optional = false
python-versions = ">=3.7"

[package.dependencies]
MarkupSafe = ">=2.0"

[package.extras]
i18n = ["Babel (>=2.7)"]

[[package]]
name = "kombu"
version = "5.2.4"
description = "Messaging library for Python."
category = "main"
optional = false
python-versions = ">=3.7"

[package.dependencies]
amqp = ">=5.0.9,<6.0.0"
vine = "*"

[package.extras]
azureservicebus = ["azure-servicebus (>=7.0.0)"]
azurestoragequeues = ["azure-storage-queue"]
consul = ["python-consul (>=0.6.0)"]
librabbitmq = ["librabbitmq (>=2.0.0)"]
mongodb = ["pymongo (>=3.3.0,<3.12.1)"]
msgpack = ["msgpack"]
pyro = ["pyro4"]
qpid = ["qpid-python (>=0.26)", "qpid-tools (>=0.26)"]
redis = ["redis (>=3.4.1,!=4.0.0,!=4.0.1)"]
slmq = ["softlayer-messaging (>=1.0.3)"]
sqlalchemy = ["sqlalchemy"]
sqs = ["boto3 (>=1.9.12)", "pycurl (>=7.44.1,<7.45.0)", "urllib3 (>=1.26.7)"]
yaml = ["PyYAML (>=3.10)"]
zookeeper = ["kazoo (>=1.3.1)"]

[[package]]
name = "mako"
version = "1.2.4"
description = "A super-fast templating language that borrows the best ideas from the existing templating languages."
category = "main"
optional = false
python-versions = ">=3.7"

[package.dependencies]
MarkupSafe = ">=0.9.2"

[package.extras]
babel = ["babel"]
lingua = ["lingua"]
testing = ["pytest"]

[[package]]
name = "markupsafe"
version = "2.1.2"
description = "Safely add untrusted strings to HTML/XML markup."
category = "main"
optional = false
python-versions = ">=3.7"

[[package]]
name = "mirakuru"
version = "2.5.1"
description = "Process executor (not only) for tests."
category = "main"
optional = false
python-versions = ">=3.7"

[package.dependencies]
psutil = {version = ">=4.0.0", markers = "sys_platform != \"cygwin\""}

[[package]]
name = "mock"
version = "4.0.3"
description = "Rolling backport of unittest.mock for all Pythons"
category = "main"
optional = false
python-versions = ">=3.6"

[package.extras]
build = ["twine", "wheel", "blurb"]
docs = ["sphinx"]
test = ["pytest (<5.4)", "pytest-cov"]

[[package]]
name = "multidict"
version = "6.0.4"
description = "multidict implementation"
category = "main"
optional = false
python-versions = ">=3.7"

[[package]]
name = "nodeenv"
version = "1.8.0"
description = "Node.js virtual environment builder"
category = "dev"
optional = false
python-versions = ">=2.7,!=3.0.*,!=3.1.*,!=3.2.*,!=3.3.*,!=3.4.*,!=3.5.*,!=3.6.*"

[[package]]
name = "packaging"
version = "23.1"
description = "Core utilities for Python packages"
category = "main"
optional = false
python-versions = ">=3.7"

[[package]]
name = "pendulum"
version = "2.1.2"
description = "Python datetimes made easy"
category = "main"
optional = false
python-versions = ">=2.7, !=3.0.*, !=3.1.*, !=3.2.*, !=3.3.*, !=3.4.*"

[package.dependencies]
python-dateutil = ">=2.6,<3.0"
pytzdata = ">=2020.1"

[[package]]
name = "platformdirs"
version = "3.5.1"
description = "A small Python package for determining appropriate platform-specific dirs, e.g. a \"user data dir\"."
category = "dev"
optional = false
python-versions = ">=3.7"

[package.extras]
docs = ["furo (>=2023.3.27)", "proselint (>=0.13)", "sphinx-autodoc-typehints (>=1.23,!=1.23.4)", "sphinx (>=6.2.1)"]
test = ["appdirs (==1.4.4)", "covdefaults (>=2.3)", "pytest-cov (>=4)", "pytest-mock (>=3.10)", "pytest (>=7.3.1)"]

[[package]]
name = "pluggy"
version = "1.0.0"
description = "plugin and hook calling mechanisms for python"
category = "main"
optional = false
python-versions = ">=3.6"

[package.extras]
dev = ["pre-commit", "tox"]
testing = ["pytest", "pytest-benchmark"]

[[package]]
name = "port-for"
version = "0.6.3"
description = "Utility that helps with local TCP ports management. It can find an unused TCP localhost port and remember the association."
category = "main"
optional = false
python-versions = ">=3.7"

[[package]]
name = "pre-commit"
version = "2.21.0"
description = "A framework for managing and maintaining multi-language pre-commit hooks."
category = "dev"
optional = false
python-versions = ">=3.7"

[package.dependencies]
cfgv = ">=2.0.0"
identify = ">=1.0.0"
nodeenv = ">=0.11.1"
pyyaml = ">=5.1"
virtualenv = ">=20.10.0"

[[package]]
name = "prometheus-client"
version = "0.16.0"
description = "Python client for the Prometheus monitoring system."
category = "main"
optional = false
python-versions = ">=3.6"

[package.extras]
twisted = ["twisted"]

[[package]]
name = "prometheus-fastapi-instrumentator"
version = "6.0.0"
description = "Instrument your FastAPI with Prometheus metrics."
category = "main"
optional = false
python-versions = ">=3.7.0,<4.0.0"

[package.dependencies]
fastapi = ">=0.38.1,<1.0.0"
prometheus-client = ">=0.8.0,<1.0.0"

[[package]]
name = "prompt-toolkit"
version = "3.0.38"
description = "Library for building powerful interactive command lines in Python"
category = "main"
optional = false
python-versions = ">=3.7.0"

[package.dependencies]
wcwidth = "*"

[[package]]
name = "psutil"
version = "5.9.5"
description = "Cross-platform lib for process and system monitoring in Python."
category = "main"
optional = false
python-versions = ">=2.7, !=3.0.*, !=3.1.*, !=3.2.*, !=3.3.*"

[package.extras]
test = ["ipaddress", "mock", "enum34", "pywin32", "wmi"]

[[package]]
name = "psycopg"
version = "3.1.9"
description = "PostgreSQL database adapter for Python"
category = "main"
optional = false
python-versions = ">=3.7"

[package.dependencies]
typing-extensions = ">=4.1"
tzdata = {version = "*", markers = "sys_platform == \"win32\""}

[package.extras]
binary = ["psycopg-binary (==3.1.9)"]
c = ["psycopg-c (==3.1.9)"]
dev = ["black (>=23.1.0)", "dnspython (>=2.1)", "flake8 (>=4.0)", "mypy (>=1.2)", "types-setuptools (>=57.4)", "wheel (>=0.37)"]
docs = ["Sphinx (>=5.0)", "furo (==2022.6.21)", "sphinx-autobuild (>=2021.3.14)", "sphinx-autodoc-typehints (>=1.12)"]
pool = ["psycopg-pool"]
test = ["anyio (>=3.6.2)", "mypy (>=1.2)", "pproxy (>=2.7)", "pytest (>=6.2.5)", "pytest-cov (>=3.0)", "pytest-randomly (>=3.5)"]

[[package]]
name = "psycopg2-binary"
version = "2.9.6"
description = "psycopg2 - Python-PostgreSQL Database Adapter"
category = "main"
optional = false
python-versions = ">=3.6"

[[package]]
name = "pycparser"
version = "2.21"
description = "C parser in Python"
category = "main"
optional = false
python-versions = ">=2.7, !=3.0.*, !=3.1.*, !=3.2.*, !=3.3.*"

[[package]]
name = "pycryptodome"
version = "3.17"
description = "Cryptographic library for Python"
category = "main"
optional = false
python-versions = ">=2.7, !=3.0.*, !=3.1.*, !=3.2.*, !=3.3.*, !=3.4.*"

[[package]]
name = "pycryptodomex"
version = "3.17"
description = "Cryptographic library for Python"
category = "main"
optional = false
python-versions = ">=2.7, !=3.0.*, !=3.1.*, !=3.2.*, !=3.3.*, !=3.4.*"

[[package]]
name = "pydantic"
version = "1.10.7"
description = "Data validation and settings management using python type hints"
category = "main"
optional = false
python-versions = ">=3.7"

[package.dependencies]
python-dotenv = {version = ">=0.10.4", optional = true, markers = "extra == \"dotenv\""}
typing-extensions = ">=4.2.0"

[package.extras]
dotenv = ["python-dotenv (>=0.10.4)"]
email = ["email-validator (>=1.0.3)"]

[[package]]
name = "pyjwkest"
version = "1.4.2"
description = "Python implementation of JWT, JWE, JWS and JWK"
category = "main"
optional = false
python-versions = "*"

[package.dependencies]
future = "*"
pycryptodomex = "*"
requests = "*"
six = "*"

[[package]]
name = "pyjwt"
version = "2.7.0"
description = "JSON Web Token implementation in Python"
category = "main"
optional = false
python-versions = ">=3.7"

[package.dependencies]
cryptography = {version = ">=3.4.0", optional = true, markers = "extra == \"crypto\""}

[package.extras]
crypto = ["cryptography (>=3.4.0)"]
dev = ["sphinx (>=4.5.0,<5.0.0)", "sphinx-rtd-theme", "zope.interface", "cryptography (>=3.4.0)", "pytest (>=6.0.0,<7.0.0)", "coverage[toml] (==5.0.4)", "pre-commit"]
docs = ["sphinx (>=4.5.0,<5.0.0)", "sphinx-rtd-theme", "zope.interface"]
tests = ["pytest (>=6.0.0,<7.0.0)", "coverage[toml] (==5.0.4)"]

[[package]]
name = "pytest"
version = "7.3.1"
description = "pytest: simple powerful testing with Python"
category = "main"
optional = false
python-versions = ">=3.7"

[package.dependencies]
colorama = {version = "*", markers = "sys_platform == \"win32\""}
exceptiongroup = {version = ">=1.0.0rc8", markers = "python_version < \"3.11\""}
iniconfig = "*"
packaging = "*"
pluggy = ">=0.12,<2.0"
tomli = {version = ">=1.0.0", markers = "python_version < \"3.11\""}

[package.extras]
testing = ["argcomplete", "attrs (>=19.2.0)", "hypothesis (>=3.56)", "mock", "nose", "pygments (>=2.7.2)", "requests", "xmlschema"]

[[package]]
name = "pytest-asyncio"
version = "0.20.3"
description = "Pytest support for asyncio"
category = "main"
optional = false
python-versions = ">=3.7"

[package.dependencies]
pytest = ">=6.1.0"

[package.extras]
docs = ["sphinx (>=5.3)", "sphinx-rtd-theme (>=1.0)"]
testing = ["coverage (>=6.2)", "hypothesis (>=5.7.1)", "flaky (>=3.5.0)", "mypy (>=0.931)", "pytest-trio (>=0.7.0)"]

[[package]]
name = "pytest-cov"
version = "4.0.0"
description = "Pytest plugin for measuring coverage."
category = "main"
optional = false
python-versions = ">=3.6"

[package.dependencies]
coverage = {version = ">=5.2.1", extras = ["toml"]}
pytest = ">=4.6"

[package.extras]
testing = ["fields", "hunter", "process-tests", "six", "pytest-xdist", "virtualenv"]

[[package]]
name = "pytest-mock"
version = "3.10.0"
description = "Thin-wrapper around the mock package for easier use with pytest"
category = "main"
optional = false
python-versions = ">=3.7"

[package.dependencies]
pytest = ">=5.0"

[package.extras]
dev = ["pre-commit", "tox", "pytest-asyncio"]

[[package]]
name = "pytest-postgresql"
version = "4.1.1"
description = "Postgresql fixtures and fixture factories for Pytest."
category = "main"
optional = false
python-versions = ">=3.7"

[package.dependencies]
mirakuru = ">=2.3.0"
port-for = "*"
pytest = ">=6.2.0"

[package.extras]
tests = ["pytest-cov", "pytest-xdist"]

[[package]]
name = "python-dateutil"
version = "2.8.2"
description = "Extensions to the standard Python datetime module"
category = "main"
optional = false
python-versions = "!=3.0.*,!=3.1.*,!=3.2.*,>=2.7"

[package.dependencies]
six = ">=1.5"

[[package]]
name = "python-dotenv"
version = "1.0.0"
description = "Read key-value pairs from a .env file and set them as environment variables"
category = "main"
optional = false
python-versions = ">=3.8"

[package.extras]
cli = ["click (>=5.0)"]

[[package]]
name = "python-multipart"
version = "0.0.5"
description = "A streaming multipart parser for Python"
category = "main"
optional = false
python-versions = "*"

[package.dependencies]
six = ">=1.4.0"

[[package]]
name = "pytz"
version = "2023.3"
description = "World timezone definitions, modern and historical"
category = "main"
optional = false
python-versions = "*"

[[package]]
name = "pytzdata"
version = "2020.1"
description = "The Olson timezone database for Python."
category = "main"
optional = false
python-versions = ">=2.7, !=3.0.*, !=3.1.*, !=3.2.*, !=3.3.*"

[[package]]
name = "pywin32"
version = "306"
description = "Python for Window Extensions"
category = "main"
optional = false
python-versions = "*"

[[package]]
name = "pyyaml"
version = "6.0"
description = "YAML parser and emitter for Python"
category = "main"
optional = false
python-versions = ">=3.6"

[[package]]
name = "redis"
version = "4.5.5"
description = "Python client for Redis database and key-value store"
category = "main"
optional = false
python-versions = ">=3.7"

[package.dependencies]
async-timeout = {version = ">=4.0.2", markers = "python_full_version <= \"3.11.2\""}

[package.extras]
hiredis = ["hiredis (>=1.0.0)"]
ocsp = ["cryptography (>=36.0.1)", "pyopenssl (==20.0.1)", "requests (>=2.26.0)"]

[[package]]
name = "requests"
version = "2.30.0"
description = "Python HTTP for Humans."
category = "main"
optional = false
python-versions = ">=3.7"

[package.dependencies]
certifi = ">=2017.4.17"
charset-normalizer = ">=2,<4"
idna = ">=2.5,<4"
urllib3 = ">=1.21.1,<3"

[package.extras]
socks = ["PySocks (>=1.5.6,!=1.5.7)"]
use_chardet_on_py3 = ["chardet (>=3.0.2,<6)"]

[[package]]
name = "rfc3986"
version = "1.5.0"
description = "Validating URI References per RFC 3986"
category = "main"
optional = false
python-versions = "*"

[package.dependencies]
idna = {version = "*", optional = true, markers = "extra == \"idna2008\""}

[package.extras]
idna2008 = ["idna"]

[[package]]
name = "six"
version = "1.16.0"
description = "Python 2 and 3 compatibility utilities"
category = "main"
optional = false
python-versions = ">=2.7, !=3.0.*, !=3.1.*, !=3.2.*"

[[package]]
name = "sniffio"
version = "1.3.0"
description = "Sniff out which async library your code is running under"
category = "main"
optional = false
python-versions = ">=3.7"

[[package]]
name = "sqladmin"
version = "0.10.3"
description = "SQLAlchemy admin for FastAPI and Starlette"
category = "main"
optional = false
python-versions = ">=3.7"

[package.dependencies]
sqlalchemy = ">=1.4"
starlette = {version = "*", extras = ["full"]}
wtforms = ">=3,<4"

[[package]]
name = "sqlalchemy"
version = "1.4.48"
description = "Database Abstraction Library"
category = "main"
optional = false
python-versions = "!=3.0.*,!=3.1.*,!=3.2.*,!=3.3.*,!=3.4.*,!=3.5.*,>=2.7"

[package.dependencies]
greenlet = {version = "!=0.4.17", markers = "python_version >= \"3\" and (platform_machine == \"aarch64\" or platform_machine == \"ppc64le\" or platform_machine == \"x86_64\" or platform_machine == \"amd64\" or platform_machine == \"AMD64\" or platform_machine == \"win32\" or platform_machine == \"WIN32\")"}

[package.extras]
aiomysql = ["greenlet (!=0.4.17)", "aiomysql"]
aiosqlite = ["typing_extensions (!=3.10.0.1)", "greenlet (!=0.4.17)", "aiosqlite"]
asyncio = ["greenlet (!=0.4.17)"]
asyncmy = ["greenlet (!=0.4.17)", "asyncmy (>=0.2.3,!=0.2.4)"]
mariadb_connector = ["mariadb (>=1.0.1,!=1.1.2)"]
mssql = ["pyodbc"]
mssql_pymssql = ["pymssql"]
mssql_pyodbc = ["pyodbc"]
mypy = ["sqlalchemy2-stubs", "mypy (>=0.910)"]
mysql = ["mysqlclient (>=1.4.0,<2)", "mysqlclient (>=1.4.0)"]
mysql_connector = ["mysql-connector-python"]
oracle = ["cx_oracle (>=7,<8)", "cx_oracle (>=7)"]
postgresql = ["psycopg2 (>=2.7)"]
postgresql_asyncpg = ["greenlet (!=0.4.17)", "asyncpg"]
postgresql_pg8000 = ["pg8000 (>=1.16.6,!=1.29.0)"]
postgresql_psycopg2binary = ["psycopg2-binary"]
postgresql_psycopg2cffi = ["psycopg2cffi"]
pymysql = ["pymysql (<1)", "pymysql"]
sqlcipher = ["sqlcipher3-binary"]

[[package]]
name = "sqlalchemy-utils"
version = "0.38.3"
description = "Various utility functions for SQLAlchemy."
category = "main"
optional = false
python-versions = "~=3.6"

[package.dependencies]
SQLAlchemy = ">=1.3"

[package.extras]
arrow = ["arrow (>=0.3.4)"]
babel = ["Babel (>=1.3)"]
color = ["colour (>=0.0.4)"]
encrypted = ["cryptography (>=0.6)"]
intervals = ["intervals (>=0.7.1)"]
password = ["passlib (>=1.6,<2.0)"]
pendulum = ["pendulum (>=2.0.5)"]
phone = ["phonenumbers (>=5.9.2)"]
test = ["pytest (>=2.7.1)", "Pygments (>=1.2)", "Jinja2 (>=2.3)", "docutils (>=0.10)", "flexmock (>=0.9.7)", "psycopg2 (>=2.5.1)", "psycopg2cffi (>=2.8.1)", "pg8000 (>=1.12.4)", "pytz (>=2014.2)", "python-dateutil (>=2.6)", "pymysql", "flake8 (>=2.4.0)", "isort (>=4.2.2)", "pyodbc", "backports.zoneinfo"]
test_all = ["Babel (>=1.3)", "Jinja2 (>=2.3)", "Pygments (>=1.2)", "arrow (>=0.3.4)", "colour (>=0.0.4)", "cryptography (>=0.6)", "docutils (>=0.10)", "flake8 (>=2.4.0)", "flexmock (>=0.9.7)", "furl (>=0.4.1)", "intervals (>=0.7.1)", "isort (>=4.2.2)", "passlib (>=1.6,<2.0)", "pendulum (>=2.0.5)", "pg8000 (>=1.12.4)", "phonenumbers (>=5.9.2)", "psycopg2 (>=2.5.1)", "psycopg2cffi (>=2.8.1)", "pymysql", "pyodbc", "pytest (>=2.7.1)", "python-dateutil", "python-dateutil (>=2.6)", "pytz (>=2014.2)", "backports.zoneinfo"]
timezone = ["python-dateutil"]
url = ["furl (>=0.4.1)"]

[[package]]
name = "starlette"
version = "0.26.1"
description = "The little ASGI library that shines."
category = "main"
optional = false
python-versions = ">=3.7"

[package.dependencies]
anyio = ">=3.4.0,<5"
httpx = {version = ">=0.22.0", optional = true, markers = "extra == \"full\""}
itsdangerous = {version = "*", optional = true, markers = "extra == \"full\""}
jinja2 = {version = "*", optional = true, markers = "extra == \"full\""}
python-multipart = {version = "*", optional = true, markers = "extra == \"full\""}
pyyaml = {version = "*", optional = true, markers = "extra == \"full\""}
typing-extensions = {version = ">=3.10.0", markers = "python_version < \"3.10\""}

[package.extras]
full = ["httpx (>=0.22.0)", "itsdangerous", "jinja2", "python-multipart", "pyyaml"]

[[package]]
name = "testcontainers"
version = "3.7.1"
description = "Library provides lightweight, throwaway instances of common databases, Selenium web browsers, or anything else that can run in a Docker container"
category = "main"
optional = false
python-versions = ">=3.7"

[package.dependencies]
deprecation = "*"
docker = ">=4.0.0"
wrapt = "*"

[package.extras]
arangodb = ["python-arango"]
azurite = ["azure-storage-blob"]
clickhouse = ["clickhouse-driver"]
docker-compose = ["docker-compose"]
google-cloud-pubsub = ["google-cloud-pubsub (<2)"]
kafka = ["kafka-python"]
keycloak = ["python-keycloak"]
mongo = ["pymongo"]
mssqlserver = ["pymssql"]
mysql = ["sqlalchemy", "pymysql"]
neo4j = ["neo4j"]
oracle = ["sqlalchemy", "cx-oracle"]
postgresql = ["sqlalchemy", "psycopg2-binary"]
rabbitmq = ["pika"]
redis = ["redis"]
selenium = ["selenium"]

[[package]]
name = "tomli"
version = "2.0.1"
description = "A lil' TOML parser"
category = "main"
optional = false
python-versions = ">=3.7"

[[package]]
name = "types-mock"
version = "5.0.0.6"
description = "Typing stubs for mock"
category = "main"
optional = false
python-versions = "*"

[[package]]
name = "types-pyopenssl"
version = "23.1.0.3"
description = "Typing stubs for pyOpenSSL"
category = "main"
optional = false
python-versions = "*"

[package.dependencies]
cryptography = ">=35.0.0"

[[package]]
name = "types-redis"
version = "4.5.5.2"
description = "Typing stubs for redis"
category = "main"
optional = false
python-versions = "*"

[package.dependencies]
cryptography = ">=35.0.0"
types-pyOpenSSL = "*"

[[package]]
name = "typing-extensions"
version = "4.5.0"
description = "Backported and Experimental Type Hints for Python 3.7+"
category = "main"
optional = false
python-versions = ">=3.7"

[[package]]
name = "tzdata"
version = "2023.3"
description = "Provider of IANA time zone data"
category = "main"
optional = false
python-versions = ">=2"

[[package]]
name = "urllib3"
version = "2.0.2"
description = "HTTP library with thread-safe connection pooling, file post, and more."
category = "main"
optional = false
python-versions = ">=3.7"

[package.extras]
brotli = ["brotli (>=1.0.9)", "brotlicffi (>=0.8.0)"]
secure = ["certifi", "cryptography (>=1.9)", "idna (>=2.0.0)", "pyopenssl (>=17.1.0)", "urllib3-secure-extra"]
socks = ["pysocks (>=1.5.6,!=1.5.7,<2.0)"]
zstd = ["zstandard (>=0.18.0)"]

[[package]]
name = "uvicorn"
version = "0.20.0"
description = "The lightning-fast ASGI server."
category = "main"
optional = false
python-versions = ">=3.7"

[package.dependencies]
click = ">=7.0"
h11 = ">=0.8"

[package.extras]
standard = ["colorama (>=0.4)", "httptools (>=0.5.0)", "python-dotenv (>=0.13)", "pyyaml (>=5.1)", "uvloop (>=0.14.0,!=0.15.0,!=0.15.1)", "watchfiles (>=0.13)", "websockets (>=10.4)"]

[[package]]
name = "vine"
version = "5.0.0"
description = "Promises, promises, promises."
category = "main"
optional = false
python-versions = ">=3.6"

[[package]]
name = "virtualenv"
version = "20.23.0"
description = "Virtual Python Environment builder"
category = "dev"
optional = false
python-versions = ">=3.7"

[package.dependencies]
distlib = ">=0.3.6,<1"
filelock = ">=3.11,<4"
platformdirs = ">=3.2,<4"

[package.extras]
docs = ["furo (>=2023.3.27)", "proselint (>=0.13)", "sphinx-argparse (>=0.4)", "sphinx (>=6.1.3)", "sphinxcontrib-towncrier (>=0.2.1a0)", "towncrier (>=22.12)"]
test = ["covdefaults (>=2.3)", "coverage-enable-subprocess (>=1)", "coverage (>=7.2.3)", "flaky (>=3.7)", "packaging (>=23.1)", "pytest-env (>=0.8.1)", "pytest-freezegun (>=0.4.2)", "pytest-mock (>=3.10)", "pytest-randomly (>=3.12)", "pytest-timeout (>=2.1)", "pytest (>=7.3.1)", "setuptools (>=67.7.1)", "time-machine (>=2.9)"]

[[package]]
name = "wcwidth"
version = "0.2.6"
description = "Measures the displayed width of unicode strings in a terminal"
category = "main"
optional = false
python-versions = "*"

[[package]]
name = "websocket-client"
version = "1.5.1"
description = "WebSocket client for Python with low level API options"
category = "main"
optional = false
python-versions = ">=3.7"

[package.extras]
docs = ["Sphinx (>=3.4)", "sphinx-rtd-theme (>=0.5)"]
optional = ["python-socks", "wsaccel"]
test = ["websockets"]

[[package]]
name = "wrapt"
version = "1.15.0"
description = "Module for decorators, wrappers and monkey patching."
category = "main"
optional = false
python-versions = "!=3.0.*,!=3.1.*,!=3.2.*,!=3.3.*,!=3.4.*,>=2.7"

[[package]]
name = "wtforms"
version = "3.0.1"
description = "Form validation and rendering for Python web development."
category = "main"
optional = false
python-versions = ">=3.7"

[package.dependencies]
MarkupSafe = "*"

[package.extras]
email = ["email-validator"]

[[package]]
name = "yarl"
version = "1.9.2"
description = "Yet another URL library"
category = "main"
optional = false
python-versions = ">=3.7"

[package.dependencies]
idna = ">=2.0"
multidict = ">=4.0"

[metadata]
lock-version = "1.1"
python-versions = "^3.9"
content-hash = "75c23ffb3d20561b79d576619fb5050515235aec6a79d0dbb4073d182986ea1b"

[metadata.files]
aiohttp = []
aiosignal = []
aiosqlite = []
alembic = []
amqp = []
anyio = []
asgi-lifespan = []
async-timeout = []
asyncpg = []
attrs = []
bcrypt = []
billiard = []
celery = []
certifi = []
cffi = []
cfgv = []
charset-normalizer = []
click = []
click-didyoumean = []
click-plugins = []
click-repl = []
colorama = []
coverage = []
cryptography = []
dependency-injector = []
deprecation = []
distlib = []
docker = []
dynaconf = []
exceptiongroup = []
factory-boy = []
faker = []
fastapi = []
fastapi-cache2 = []
fastapi-utils = []
filelock = []
fontawesomefree = []
frozenlist = []
future = []
greenlet = []
h11 = []
httpcore = []
httpx = []
identify = []
idna = []
iniconfig = []
itsdangerous = []
jinja2 = []
kombu = []
mako = []
markupsafe = []
mirakuru = []
mock = []
multidict = []
nodeenv = []
packaging = []
pendulum = []
platformdirs = []
pluggy = []
port-for = []
pre-commit = []
prometheus-client = []
prometheus-fastapi-instrumentator = []
prompt-toolkit = []
psutil = []
psycopg = []
psycopg2-binary = []
pycparser = []
pycryptodome = []
pycryptodomex = []
pydantic = []
pyjwkest = []
pyjwt = []
pytest = []
pytest-asyncio = []
pytest-cov = []
pytest-mock = []
pytest-postgresql = []
python-dateutil = []
python-dotenv = []
python-multipart = []
pytz = []
pytzdata = []
pywin32 = []
pyyaml = []
redis = []
requests = []
rfc3986 = []
six = []
sniffio = []
sqladmin = []
sqlalchemy = []
sqlalchemy-utils = []
starlette = []
testcontainers = []
tomli = []
types-mock = []
types-pyopenssl = []
types-redis = []
typing-extensions = []
tzdata = []
urllib3 = []
uvicorn = []
vine = []
virtualenv = []
wcwidth = []
websocket-client = []
wrapt = []
wtforms = []
yarl = []
